
Microsoft Visual Studio Solution File, Format Version 12.00
# Visual Studio Version 17
VisualStudioVersion = 17.13.35825.156 d17.13
MinimumVisualStudioVersion = 10.0.40219.1
Project("{FAE04EC0-301F-11D3-BF4B-00C04F79EFBC}") = "Lab8", "Lab8.csproj", "{5E1C43D5-A8F8-462F-9629-47A441E05465}"
EndProject
Global
	GlobalSection(SolutionConfigurationPlatforms) = preSolution
		Debug|Any CPU = Debug|Any CPU
		Release|Any CPU = Release|Any CPU
	EndGlobalSection
	GlobalSection(ProjectConfigurationPlatforms) = postSolution
		{5E1C43D5-A8F8-462F-9629-47A441E05465}.Debug|Any CPU.ActiveCfg = Debug|Any CPU
		{5E1C43D5-A8F8-462F-9629-47A441E05465}.Debug|Any CPU.Build.0 = Debug|Any CPU
		{5E1C43D5-A8F8-462F-9629-47A441E05465}.Release|Any CPU.ActiveCfg = Release|Any CPU
		{5E1C43D5-A8F8-462F-9629-47A441E05465}.Release|Any CPU.Build.0 = Release|Any CPU
	EndGlobalSection
	GlobalSection(SolutionProperties) = preSolution
		HideSolutionNode = FALSE
	EndGlobalSection
	GlobalSection(ExtensibilityGlobals) = postSolution
		SolutionGuid = {0ED5F412-3A3C-4446-BB6D-37748A5AE12C}
	EndGlobalSection
EndGlobal
