
Microsoft Visual Studio Solution File, Format Version 12.00
# Visual Studio Version 17
VisualStudioVersion = 17.13.35825.156 d17.13
MinimumVisualStudioVersion = 10.0.40219.1
Project("{FAE04EC0-301F-11D3-BF4B-00C04F79EFBC}") = "Lab3", "Lab3.csproj", "{76F3EB87-5E75-40F8-AEB5-5737A0BF1C4E}"
EndProject
Global
	GlobalSection(SolutionConfigurationPlatforms) = preSolution
		Debug|Any CPU = Debug|Any CPU
		Release|Any CPU = Release|Any CPU
	EndGlobalSection
	GlobalSection(ProjectConfigurationPlatforms) = postSolution
		{76F3EB87-5E75-40F8-AEB5-5737A0BF1C4E}.Debug|Any CPU.ActiveCfg = Debug|Any CPU
		{76F3EB87-5E75-40F8-AEB5-5737A0BF1C4E}.Debug|Any CPU.Build.0 = Debug|Any CPU
		{76F3EB87-5E75-40F8-AEB5-5737A0BF1C4E}.Release|Any CPU.ActiveCfg = Release|Any CPU
		{76F3EB87-5E75-40F8-AEB5-5737A0BF1C4E}.Release|Any CPU.Build.0 = Release|Any CPU
	EndGlobalSection
	GlobalSection(SolutionProperties) = preSolution
		HideSolutionNode = FALSE
	EndGlobalSection
	GlobalSection(ExtensibilityGlobals) = postSolution
		SolutionGuid = {676A779C-1DEB-4F08-8A60-6F6750961EB4}
	EndGlobalSection
EndGlobal
