
Microsoft Visual Studio Solution File, Format Version 12.00
# Visual Studio Version 17
VisualStudioVersion = 17.13.35825.156 d17.13
MinimumVisualStudioVersion = 10.0.40219.1
Project("{FAE04EC0-301F-11D3-BF4B-00C04F79EFBC}") = "Lab10", "Lab10.csproj", "{C89630B0-C316-441E-A405-E426D4E81953}"
EndProject
Global
	GlobalSection(SolutionConfigurationPlatforms) = preSolution
		Debug|Any CPU = Debug|Any CPU
		Release|Any CPU = Release|Any CPU
	EndGlobalSection
	GlobalSection(ProjectConfigurationPlatforms) = postSolution
		{C89630B0-C316-441E-A405-E426D4E81953}.Debug|Any CPU.ActiveCfg = Debug|Any CPU
		{C89630B0-C316-441E-A405-E426D4E81953}.Debug|Any CPU.Build.0 = Debug|Any CPU
		{C89630B0-C316-441E-A405-E426D4E81953}.Release|Any CPU.ActiveCfg = Release|Any CPU
		{C89630B0-C316-441E-A405-E426D4E81953}.Release|Any CPU.Build.0 = Release|Any CPU
	EndGlobalSection
	GlobalSection(SolutionProperties) = preSolution
		HideSolutionNode = FALSE
	EndGlobalSection
	GlobalSection(ExtensibilityGlobals) = postSolution
		SolutionGuid = {6488664B-04E5-415D-8ADE-9B5768BF097A}
	EndGlobalSection
EndGlobal
