
Microsoft Visual Studio Solution File, Format Version 12.00
# Visual Studio Version 17
VisualStudioVersion = 17.13.35825.156 d17.13
MinimumVisualStudioVersion = 10.0.40219.1
Project("{FAE04EC0-301F-11D3-BF4B-00C04F79EFBC}") = "WindowsFormsApp1", "WindowsFormsApp1\WindowsFormsApp1.csproj", "{A152A20B-0E02-45AF-9D7B-900C58383CE6}"
EndProject
Global
	GlobalSection(SolutionConfigurationPlatforms) = preSolution
		Debug|Any CPU = Debug|Any CPU
		Release|Any CPU = Release|Any CPU
	EndGlobalSection
	GlobalSection(ProjectConfigurationPlatforms) = postSolution
		{A152A20B-0E02-45AF-9D7B-900C58383CE6}.Debug|Any CPU.ActiveCfg = Debug|Any CPU
		{A152A20B-0E02-45AF-9D7B-900C58383CE6}.Debug|Any CPU.Build.0 = Debug|Any CPU
		{A152A20B-0E02-45AF-9D7B-900C58383CE6}.Release|Any CPU.ActiveCfg = Release|Any CPU
		{A152A20B-0E02-45AF-9D7B-900C58383CE6}.Release|Any CPU.Build.0 = Release|Any CPU
	EndGlobalSection
	GlobalSection(SolutionProperties) = preSolution
		HideSolutionNode = FALSE
	EndGlobalSection
	GlobalSection(ExtensibilityGlobals) = postSolution
		SolutionGuid = {5FC7449A-89F1-4FC4-B388-9290116C5548}
	EndGlobalSection
EndGlobal
